
Microsoft Visual Studio Solution File, Format Version 12.00
# Visual Studio Version 17
VisualStudioVersion = 17.5.33424.131
MinimumVisualStudioVersion = 10.0.40219.1
Project("{2150E333-8FDC-42A3-9474-1A3956D46DE8}") = "Doc", "Doc", "{60AAA669-217E-44E5-8AC5-94EA16F072D7}"
EndProject
Project("{2150E333-8FDC-42A3-9474-1A3956D46DE8}") = "Src", "Src", "{FF6ABE32-D05D-40C5-8C4F-3DC70D649767}"
EndProject
Project("{2150E333-8FDC-42A3-9474-1A3956D46DE8}") = "Test", "Test", "{82D47918-9006-49F3-B691-474CEB2939A4}"
EndProject
Project("{2150E333-8FDC-42A3-9474-1A3956D46DE8}") = "Core", "Core", "{0ED51667-C128-4F23-B20F-753A7B187D55}"
EndProject
Project("{2150E333-8FDC-42A3-9474-1A3956D46DE8}") = "infrastructure", "infrastructure", "{D420D6A7-BEF0-4626-9186-70CF2AAE7281}"
EndProject
Project("{2150E333-8FDC-42A3-9474-1A3956D46DE8}") = "Presentation", "Presentation", "{A04BDD4C-53C7-43CD-8F85-53E9A498E3AD}"
EndProject
Project("{2150E333-8FDC-42A3-9474-1A3956D46DE8}") = "Common", "Common", "{974094F6-08C4-4D5F-9D50-53F244D010C6}"
EndProject
Project("{FAE04EC0-301F-11D3-BF4B-00C04F79EFBC}") = "BMarket.Domain", "BMarket.Domain\BMarket.Domain.csproj", "{AA10C6F4-1861-41F6-915B-D46AC58E5330}"
EndProject
Project("{FAE04EC0-301F-11D3-BF4B-00C04F79EFBC}") = "BMarket.Application", "BMarket.Application\BMarket.Application.csproj", "{FC37270E-1D9E-4EE8-A851-5F0B8AA9CB12}"
EndProject
Project("{FAE04EC0-301F-11D3-BF4B-00C04F79EFBC}") = "BMarket.Infrastructure", "BMarket.Infrastructure\BMarket.Infrastructure.csproj", "{9787C14B-FC1E-46CC-9D81-E10C54513E49}"
EndProject
Project("{FAE04EC0-301F-11D3-BF4B-00C04F79EFBC}") = "BMarket.Persistence", "BMarket.Persistence\BMarket.Persistence.csproj", "{C960A931-6B58-4E85-B5A6-DFF53024A01A}"
EndProject
Project("{FAE04EC0-301F-11D3-BF4B-00C04F79EFBC}") = "BMarket.Common", "BMarket.Common\BMarket.Common.csproj", "{A3FF666F-4812-450D-B420-9B01A0DF2E42}"
EndProject
Project("{FAE04EC0-301F-11D3-BF4B-00C04F79EFBC}") = "EndPoint.Site", "EndPoint.Site\EndPoint.Site.csproj", "{B868018C-398F-4A17-9FDC-167F5B3714C0}"
EndProject
Global
	GlobalSection(SolutionConfigurationPlatforms) = preSolution
		Debug|Any CPU = Debug|Any CPU
		Release|Any CPU = Release|Any CPU
	EndGlobalSection
	GlobalSection(ProjectConfigurationPlatforms) = postSolution
		{AA10C6F4-1861-41F6-915B-D46AC58E5330}.Debug|Any CPU.ActiveCfg = Debug|Any CPU
		{AA10C6F4-1861-41F6-915B-D46AC58E5330}.Debug|Any CPU.Build.0 = Debug|Any CPU
		{AA10C6F4-1861-41F6-915B-D46AC58E5330}.Release|Any CPU.ActiveCfg = Release|Any CPU
		{AA10C6F4-1861-41F6-915B-D46AC58E5330}.Release|Any CPU.Build.0 = Release|Any CPU
		{FC37270E-1D9E-4EE8-A851-5F0B8AA9CB12}.Debug|Any CPU.ActiveCfg = Debug|Any CPU
		{FC37270E-1D9E-4EE8-A851-5F0B8AA9CB12}.Debug|Any CPU.Build.0 = Debug|Any CPU
		{FC37270E-1D9E-4EE8-A851-5F0B8AA9CB12}.Release|Any CPU.ActiveCfg = Release|Any CPU
		{FC37270E-1D9E-4EE8-A851-5F0B8AA9CB12}.Release|Any CPU.Build.0 = Release|Any CPU
		{9787C14B-FC1E-46CC-9D81-E10C54513E49}.Debug|Any CPU.ActiveCfg = Debug|Any CPU
		{9787C14B-FC1E-46CC-9D81-E10C54513E49}.Debug|Any CPU.Build.0 = Debug|Any CPU
		{9787C14B-FC1E-46CC-9D81-E10C54513E49}.Release|Any CPU.ActiveCfg = Release|Any CPU
		{9787C14B-FC1E-46CC-9D81-E10C54513E49}.Release|Any CPU.Build.0 = Release|Any CPU
		{C960A931-6B58-4E85-B5A6-DFF53024A01A}.Debug|Any CPU.ActiveCfg = Debug|Any CPU
		{C960A931-6B58-4E85-B5A6-DFF53024A01A}.Debug|Any CPU.Build.0 = Debug|Any CPU
		{C960A931-6B58-4E85-B5A6-DFF53024A01A}.Release|Any CPU.ActiveCfg = Release|Any CPU
		{C960A931-6B58-4E85-B5A6-DFF53024A01A}.Release|Any CPU.Build.0 = Release|Any CPU
		{A3FF666F-4812-450D-B420-9B01A0DF2E42}.Debug|Any CPU.ActiveCfg = Debug|Any CPU
		{A3FF666F-4812-450D-B420-9B01A0DF2E42}.Debug|Any CPU.Build.0 = Debug|Any CPU
		{A3FF666F-4812-450D-B420-9B01A0DF2E42}.Release|Any CPU.ActiveCfg = Release|Any CPU
		{A3FF666F-4812-450D-B420-9B01A0DF2E42}.Release|Any CPU.Build.0 = Release|Any CPU
		{B868018C-398F-4A17-9FDC-167F5B3714C0}.Debug|Any CPU.ActiveCfg = Debug|Any CPU
		{B868018C-398F-4A17-9FDC-167F5B3714C0}.Debug|Any CPU.Build.0 = Debug|Any CPU
		{B868018C-398F-4A17-9FDC-167F5B3714C0}.Release|Any CPU.ActiveCfg = Release|Any CPU
		{B868018C-398F-4A17-9FDC-167F5B3714C0}.Release|Any CPU.Build.0 = Release|Any CPU
	EndGlobalSection
	GlobalSection(SolutionProperties) = preSolution
		HideSolutionNode = FALSE
	EndGlobalSection
	GlobalSection(NestedProjects) = preSolution
		{0ED51667-C128-4F23-B20F-753A7B187D55} = {FF6ABE32-D05D-40C5-8C4F-3DC70D649767}
		{D420D6A7-BEF0-4626-9186-70CF2AAE7281} = {FF6ABE32-D05D-40C5-8C4F-3DC70D649767}
		{A04BDD4C-53C7-43CD-8F85-53E9A498E3AD} = {FF6ABE32-D05D-40C5-8C4F-3DC70D649767}
		{974094F6-08C4-4D5F-9D50-53F244D010C6} = {FF6ABE32-D05D-40C5-8C4F-3DC70D649767}
		{AA10C6F4-1861-41F6-915B-D46AC58E5330} = {0ED51667-C128-4F23-B20F-753A7B187D55}
		{FC37270E-1D9E-4EE8-A851-5F0B8AA9CB12} = {0ED51667-C128-4F23-B20F-753A7B187D55}
		{9787C14B-FC1E-46CC-9D81-E10C54513E49} = {D420D6A7-BEF0-4626-9186-70CF2AAE7281}
		{C960A931-6B58-4E85-B5A6-DFF53024A01A} = {D420D6A7-BEF0-4626-9186-70CF2AAE7281}
		{A3FF666F-4812-450D-B420-9B01A0DF2E42} = {974094F6-08C4-4D5F-9D50-53F244D010C6}
		{B868018C-398F-4A17-9FDC-167F5B3714C0} = {A04BDD4C-53C7-43CD-8F85-53E9A498E3AD}
	EndGlobalSection
	GlobalSection(ExtensibilityGlobals) = postSolution
		SolutionGuid = {DAC92307-94CF-4A23-9684-E537F896534B}
	EndGlobalSection
EndGlobal
